
Microsoft Visual Studio Solution File, Format Version 12.00
# Visual Studio Version 17
VisualStudioVersion = 17.6.33723.286
MinimumVisualStudioVersion = 10.0.40219.1
Project("{9A19103F-16F7-4668-BE54-9A1E7A4F7556}") = "Aras.OOTB.Tests", "Aras.OOTB.Tests.csproj", "{EF8DC030-84D6-461C-A5E3-59BC1C5D6ADA}"
EndProject
Global
	GlobalSection(SolutionConfigurationPlatforms) = preSolution
		Debug|Any CPU = Debug|Any CPU
		Release|Any CPU = Release|Any CPU
	EndGlobalSection
	GlobalSection(ProjectConfigurationPlatforms) = postSolution
		{EF8DC030-84D6-461C-A5E3-59BC1C5D6ADA}.Debug|Any CPU.ActiveCfg = Debug|Any CPU
		{EF8DC030-84D6-461C-A5E3-59BC1C5D6ADA}.Debug|Any CPU.Build.0 = Debug|Any CPU
		{EF8DC030-84D6-461C-A5E3-59BC1C5D6ADA}.Release|Any CPU.ActiveCfg = Release|Any CPU
		{EF8DC030-84D6-461C-A5E3-59BC1C5D6ADA}.Release|Any CPU.Build.0 = Release|Any CPU
	EndGlobalSection
	GlobalSection(SolutionProperties) = preSolution
		HideSolutionNode = FALSE
	EndGlobalSection
	GlobalSection(ExtensibilityGlobals) = postSolution
		SolutionGuid = {045DC6B0-0503-4AA2-8687-F262453E913F}
	EndGlobalSection
EndGlobal
